PODS:
  - Alamofire (5.2.2)
  - IQKeyboardManagerSwift (6.5.6)
  - Kingfisher (5.15.4):
    - Kingfisher/Core (= 5.15.4)
  - Kingfisher/Core (5.15.4)
  - MBProgressHUD (1.2.0)
  - RxAlamofire (5.6.1):
    - RxAlamofire/Core (= 5.6.1)
  - RxAlamofire/Core (5.6.1):
    - Alamofire (~> 5.2)
    - RxSwift (~> 5.1)
  - RxCocoa (5.1.1):
    - RxRelay (~> 5)
    - RxSwift (~> 5)
  - RxRelay (5.1.1):
    - RxSwift (~> 5)
  - RxSwift (5.1.1)
  - SwiftyBeaver (1.9.2)

DEPENDENCIES:
  - IQKeyboardManagerSwift (~> 6.5.0)
  - Kingfisher (~> 5.0)
  - MBProgressHUD
  - RxAlamofire
  - RxCocoa
  - RxSwift
  - SwiftyBeaver

SPEC REPOS:
  trunk:
    - Alamofire
    - IQKeyboardManagerSwift
    - Kingfisher
    - MBProgressHUD
    - RxAlamofire
    - RxCocoa
    - RxRelay
    - RxSwift
    - SwiftyBeaver

SPEC CHECKSUMS:
  Alamofire: 814429acc853c6c54ff123fc3d2ef66803823ce0
  IQKeyboardManagerSwift: c7df9d2deb356c04522f5c4b7b6e4ce4d8ed94fe
  Kingfisher: 657dc1077e5bbbfff864194c79f29e35b722d062
  MBProgressHUD: 3ee5efcc380f6a79a7cc9b363dd669c5e1ae7406
  RxAlamofire: 0531dddf378c84270e97e897333678f1cfaec3ba
  RxCocoa: 32065309a38d29b5b0db858819b5bf9ef038b601
  RxRelay: d77f7d771495f43c556cbc43eebd1bb54d01e8e9
  RxSwift: 81470a2074fa8780320ea5fe4102807cb7118178
  SwiftyBeaver: b8239f6bfe9e1ea3303e6139abc8c24228081d84

PODFILE CHECKSUM: d8aefdb5216f3bdc043f1270ff3a1fdbabd68fc0

COCOAPODS: 1.10.0
